// !$*UTF8*$!
{
	archiveVersion = 1;
	classes = {
	};
	objectVersion = 55;
	objects = {

/* Begin PBXBuildFile section */
		B358C2A8274C421200D8146C /* AppDelegate.swift in Sources */ = {isa = PBXBuildFile; fileRef = B358C2A7274C421200D8146C /* AppDelegate.swift */; };
		B358C2AA274C421200D8146C /* SceneDelegate.swift in Sources */ = {isa = PBXBuildFile; fileRef = B358C2A9274C421200D8146C /* SceneDelegate.swift */; };
		B358C2AC274C421200D8146C /* RootViewController.swift in Sources */ = {isa = PBXBuildFile; fileRef = B358C2AB274C421200D8146C /* RootViewController.swift */; };
		B358C2B1274C421600D8146C /* Assets.xcassets in Resources */ = {isa = PBXBuildFile; fileRef = B358C2B0274C421600D8146C /* Assets.xcassets */; };
		B358C2B4274C421600D8146C /* LaunchScreen.storyboard in Resources */ = {isa = PBXBuildFile; fileRef = B358C2B2274C421600D8146C /* LaunchScreen.storyboard */; };
		B358C2C0274C48CD00D8146C /* MainTabBarController.swift in Sources */ = {isa = PBXBuildFile; fileRef = B358C2BF274C48CD00D8146C /* MainTabBarController.swift */; };
		B358C2C2274C4AA800D8146C /* FeedViewController.swift in Sources */ = {isa = PBXBuildFile; fileRef = B358C2C1274C4AA800D8146C /* FeedViewController.swift */; };
		B358C2C4274C4AB100D8146C /* ProfileViewController.swift in Sources */ = {isa = PBXBuildFile; fileRef = B358C2C3274C4AB100D8146C /* ProfileViewController.swift */; };
		B358C2C6274C4AC400D8146C /* SettingsViewController.swift in Sources */ = {isa = PBXBuildFile; fileRef = B358C2C5274C4AC400D8146C /* SettingsViewController.swift */; };
/* End PBXBuildFile section */

/* Begin PBXFileReference section */
		B358C2A4274C421200D8146C /* iOS-MVC-Architecture.app */ = {isa = PBXFileReference; explicitFileType = wrapper.application; includeInIndex = 0; path = "iOS-MVC-Architecture.app"; sourceTree = BUILT_PRODUCTS_DIR; };
		B358C2A7274C421200D8146C /* AppDelegate.swift */ = {isa = PBXFileReference; lastKnownFileType = sourcecode.swift; path = AppDelegate.swift; sourceTree = "<group>"; };
		B358C2A9274C421200D8146C /* SceneDelegate.swift */ = {isa = PBXFileReference; lastKnownFileType = sourcecode.swift; path = SceneDelegate.swift; sourceTree = "<group>"; };
		B358C2AB274C421200D8146C /* RootViewController.swift */ = {isa = PBXFileReference; lastKnownFileType = sourcecode.swift; path = RootViewController.swift; sourceTree = "<group>"; };
		B358C2B0274C421600D8146C /* Assets.xcassets */ = {isa = PBXFileReference; lastKnownFileType = folder.assetcatalog; path = Assets.xcassets; sourceTree = "<group>"; };
		B358C2B3274C421600D8146C /* Base */ = {isa = PBXFileReference; lastKnownFileType = file.storyboard; name = Base; path = Base.lproj/LaunchScreen.storyboard; sourceTree = "<group>"; };
		B358C2B5274C421600D8146C /* Info.plist */ = {isa = PBXFileReference; lastKnownFileType = text.plist.xml; path = Info.plist; sourceTree = "<group>"; };
		B358C2BF274C48CD00D8146C /* MainTabBarController.swift */ = {isa = PBXFileReference; lastKnownFileType = sourcecode.swift; path = MainTabBarController.swift; sourceTree = "<group>"; };
		B358C2C1274C4AA800D8146C /* FeedViewController.swift */ = {isa = PBXFileReference; lastKnownFileType = sourcecode.swift; name = FeedViewController.swift; path = "iOS-MVC-Architecture/Feed/FeedViewController.swift"; sourceTree = SOURCE_ROOT; };
		B358C2C3274C4AB100D8146C /* ProfileViewController.swift */ = {isa = PBXFileReference; lastKnownFileType = sourcecode.swift; path = ProfileViewController.swift; sourceTree = "<group>"; };
		B358C2C5274C4AC400D8146C /* SettingsViewController.swift */ = {isa = PBXFileReference; lastKnownFileType = sourcecode.swift; path = SettingsViewController.swift; sourceTree = "<group>"; };
/* End PBXFileReference section */

/* Begin PBXFrameworksBuildPhase section */
		B358C2A1274C421200D8146C /* Frameworks */ = {
			isa = PBXFrameworksBuildPhase;
			buildActionMask = 2147483647;
			files = (
			);
			runOnlyForDeploymentPostprocessing = 0;
		};
/* End PBXFrameworksBuildPhase section */

/* Begin PBXGroup section */
		B358C29B274C421200D8146C = {
			isa = PBXGroup;
			children = (
				B358C2A6274C421200D8146C /* iOS-MVC-Architecture */,
				B358C2A5274C421200D8146C /* Products */,
			);
			sourceTree = "<group>";
		};
		B358C2A5274C421200D8146C /* Products */ = {
			isa = PBXGroup;
			children = (
				B358C2A4274C421200D8146C /* iOS-MVC-Architecture.app */,
			);
			name = Products;
			sourceTree = "<group>";
		};
		B358C2A6274C421200D8146C /* iOS-MVC-Architecture */ = {
			isa = PBXGroup;
			children = (
				B358C2BE274C483300D8146C /* App */,
				B358C2CC274C585F00D8146C /* Feed */,
				B358C2BC274C42FC00D8146C /* Profile */,
				B358C2BD274C435C00D8146C /* Settings */,
				B358C2B0274C421600D8146C /* Assets.xcassets */,
				B358C2B5274C421600D8146C /* Info.plist */,
				B358C2B2274C421600D8146C /* LaunchScreen.storyboard */,
			);
			path = "iOS-MVC-Architecture";
			sourceTree = "<group>";
		};
		B358C2BC274C42FC00D8146C /* Profile */ = {
			isa = PBXGroup;
			children = (
				B358C2C3274C4AB100D8146C /* ProfileViewController.swift */,
			);
			path = Profile;
			sourceTree = "<group>";
		};
		B358C2BD274C435C00D8146C /* Settings */ = {
			isa = PBXGroup;
			children = (
				B358C2C5274C4AC400D8146C /* SettingsViewController.swift */,
			);
			path = Settings;
			sourceTree = "<group>";
		};
		B358C2BE274C483300D8146C /* App */ = {
			isa = PBXGroup;
			children = (
				B358C2A7274C421200D8146C /* AppDelegate.swift */,
				B358C2A9274C421200D8146C /* SceneDelegate.swift */,
				B358C2AB274C421200D8146C /* RootViewController.swift */,
				B358C2BF274C48CD00D8146C /* MainTabBarController.swift */,
			);
			path = App;
			sourceTree = "<group>";
		};
		B358C2CC274C585F00D8146C /* Feed */ = {
			isa = PBXGroup;
			children = (
				B358C2C1274C4AA800D8146C /* FeedViewController.swift */,
			);
			path = Feed;
			sourceTree = "<group>";
		};
/* End PBXGroup section */

/* Begin PBXNativeTarget section */
		B358C2A3274C421200D8146C /* iOS-MVC-Architecture */ = {
			isa = PBXNativeTarget;
			buildConfigurationList = B358C2B8274C421600D8146C /* Build configuration list for PBXNativeTarget "iOS-MVC-Architecture" */;
			buildPhases = (
				B358C2A0274C421200D8146C /* Sources */,
				B358C2A1274C421200D8146C /* Frameworks */,
				B358C2A2274C421200D8146C /* Resources */,
			);
			buildRules = (
			);
			dependencies = (
			);
			name = "iOS-MVC-Architecture";
			productName = "iOS-MVC-Architecture";
			productReference = B358C2A4274C421200D8146C /* iOS-MVC-Architecture.app */;
			productType = "com.apple.product-type.application";
		};
/* End PBXNativeTarget section */

/* Begin PBXProject section */
		B358C29C274C421200D8146C /* Project object */ = {
			isa = PBXProject;
			attributes = {
				BuildIndependentTargetsInParallel = 1;
				LastSwiftUpdateCheck = 1310;
				LastUpgradeCheck = 1310;
				TargetAttributes = {
					B358C2A3274C421200D8146C = {
						CreatedOnToolsVersion = 13.1;
					};
				};
			};
			buildConfigurationList = B358C29F274C421200D8146C /* Build configuration list for PBXProject "iOS-MVC-Architecture" */;
			compatibilityVersion = "Xcode 13.0";
			developmentRegion = en;
			hasScannedForEncodings = 0;
			knownRegions = (
				en,
				Base,
			);
			mainGroup = B358C29B274C421200D8146C;
			productRefGroup = B358C2A5274C421200D8146C /* Products */;
			projectDirPath = "";
			projectRoot = "";
			targets = (
				B358C2A3274C421200D8146C /* iOS-MVC-Architecture */,
			);
		};
/* End PBXProject section */

/* Begin PBXResourcesBuildPhase section */
		B358C2A2274C421200D8146C /* Resources */ = {
			isa = PBXResourcesBuildPhase;
			buildActionMask = 2147483647;
			files = (
				B358C2B4274C421600D8146C /* LaunchScreen.storyboard in Resources */,
				B358C2B1274C421600D8146C /* Assets.xcassets in Resources */,
			);
			runOnlyForDeploymentPostprocessing = 0;
		};
/* End PBXResourcesBuildPhase section */

/* Begin PBXSourcesBuildPhase section */
		B358C2A0274C421200D8146C /* Sources */ = {
			isa = PBXSourcesBuildPhase;
			buildActionMask = 2147483647;
			files = (
				B358C2C4274C4AB100D8146C /* ProfileViewController.swift in Sources */,
				B358C2AC274C421200D8146C /* RootViewController.swift in Sources */,
				B358C2C6274C4AC400D8146C /* SettingsViewController.swift in Sources */,
				B358C2A8274C421200D8146C /* AppDelegate.swift in Sources */,
				B358C2C2274C4AA800D8146C /* FeedViewController.swift in Sources */,
				B358C2C0274C48CD00D8146C /* MainTabBarController.swift in Sources */,
				B358C2AA274C421200D8146C /* SceneDelegate.swift in Sources */,
			);
			runOnlyForDeploymentPostprocessing = 0;
		};
/* End PBXSourcesBuildPhase section */

/* Begin PBXVariantGroup section */
		B358C2B2274C421600D8146C /* LaunchScreen.storyboard */ = {
			isa = PBXVariantGroup;
			children = (
				B358C2B3274C421600D8146C /* Base */,
			);
			name = LaunchScreen.storyboard;
			sourceTree = "<group>";
		};
/* End PBXVariantGroup section */

/* Begin XCBuildConfiguration section */
		B358C2B6274C421600D8146C /* Debug */ = {
			isa = XCBuildConfiguration;
			buildSettings = {
				ALWAYS_SEARCH_USER_PATHS = NO;
				CLANG_ANALYZER_NONNULL = YES;
				CLANG_ANALYZER_NUMBER_OBJECT_CONVERSION = YES_AGGRESSIVE;
				CLANG_CXX_LANGUAGE_STANDARD = "gnu++17";
				CLANG_CXX_LIBRARY = "libc++";
				CLANG_ENABLE_MODULES = YES;
				CLANG_ENABLE_OBJC_ARC = YES;
				CLANG_ENABLE_OBJC_WEAK = YES;
				CLANG_WARN_BLOCK_CAPTURE_AUTORELEASING = YES;
				CLANG_WARN_BOOL_CONVERSION = YES;
				CLANG_WARN_COMMA = YES;
				CLANG_WARN_CONSTANT_CONVERSION = YES;
				CLANG_WARN_DEPRECATED_OBJC_IMPLEMENTATIONS = YES;
				CLANG_WARN_DIRECT_OBJC_ISA_USAGE = YES_ERROR;
				CLANG_WARN_DOCUMENTATION_COMMENTS = YES;
				CLANG_WARN_EMPTY_BODY = YES;
				CLANG_WARN_ENUM_CONVERSION = YES;
				CLANG_WARN_INFINITE_RECURSION = YES;
				CLANG_WARN_INT_CONVERSION = YES;
				CLANG_WARN_NON_LITERAL_NULL_CONVERSION = YES;
				CLANG_WARN_OBJC_IMPLICIT_RETAIN_SELF = YES;
				CLANG_WARN_OBJC_LITERAL_CONVERSION = YES;
				CLANG_WARN_OBJC_ROOT_CLASS = YES_ERROR;
				CLANG_WARN_QUOTED_INCLUDE_IN_FRAMEWORK_HEADER = YES;
				CLANG_WARN_RANGE_LOOP_ANALYSIS = YES;
				CLANG_WARN_STRICT_PROTOTYPES = YES;
				CLANG_WARN_SUSPICIOUS_MOVE = YES;
				CLANG_WARN_UNGUARDED_AVAILABILITY = YES_AGGRESSIVE;
				CLANG_WARN_UNREACHABLE_CODE = YES;
				CLANG_WARN__DUPLICATE_METHOD_MATCH = YES;
				COPY_PHASE_STRIP = NO;
				DEBUG_INFORMATION_FORMAT = dwarf;
				ENABLE_STRICT_OBJC_MSGSEND = YES;
				ENABLE_TESTABILITY = YES;
				GCC_C_LANGUAGE_STANDARD = gnu11;
				GCC_DYNAMIC_NO_PIC = NO;
				GCC_NO_COMMON_BLOCKS = YES;
				GCC_OPTIMIZATION_LEVEL = 0;
				GCC_PREPROCESSOR_DEFINITIONS = (
					"DEBUG=1",
					"$(inherited)",
				);
				GCC_WARN_64_TO_32_BIT_CONVERSION = YES;
				GCC_WARN_ABOUT_RETURN_TYPE = YES_ERROR;
				GCC_WARN_UNDECLARED_SELECTOR = YES;
				GCC_WARN_UNINITIALIZED_AUTOS = YES_AGGRESSIVE;
				GCC_WARN_UNUSED_FUNCTION = YES;
				GCC_WARN_UNUSED_VARIABLE = YES;
				IPHONEOS_DEPLOYMENT_TARGET = 15.0;
				MTL_ENABLE_DEBUG_INFO = INCLUDE_SOURCE;
				MTL_FAST_MATH = YES;
				ONLY_ACTIVE_ARCH = YES;
				SDKROOT = iphoneos;
				SWIFT_ACTIVE_COMPILATION_CONDITIONS = DEBUG;
				SWIFT_OPTIMIZATION_LEVEL = "-Onone";
			};
			name = Debug;
		};
		B358C2B7274C421600D8146C /* Release */ = {
			isa = XCBuildConfiguration;
			buildSettings = {
				ALWAYS_SEARCH_USER_PATHS = NO;
				CLANG_ANALYZER_NONNULL = YES;
				CLANG_ANALYZER_NUMBER_OBJECT_CONVERSION = YES_AGGRESSIVE;
				CLANG_CXX_LANGUAGE_STANDARD = "gnu++17";
				CLANG_CXX_LIBRARY = "libc++";
				CLANG_ENABLE_MODULES = YES;
				CLANG_ENABLE_OBJC_ARC = YES;
				CLANG_ENABLE_OBJC_WEAK = YES;
				CLANG_WARN_BLOCK_CAPTURE_AUTORELEASING = YES;
				CLANG_WARN_BOOL_CONVERSION = YES;
				CLANG_WARN_COMMA = YES;
				CLANG_WARN_CONSTANT_CONVERSION = YES;
				CLANG_WARN_DEPRECATED_OBJC_IMPLEMENTATIONS = YES;
				CLANG_WARN_DIRECT_OBJC_ISA_USAGE = YES_ERROR;
				CLANG_WARN_DOCUMENTATION_COMMENTS = YES;
				CLANG_WARN_EMPTY_BODY = YES;
				CLANG_WARN_ENUM_CONVERSION = YES;
				CLANG_WARN_INFINITE_RECURSION = YES;
				CLANG_WARN_INT_CONVERSION = YES;
				CLANG_WARN_NON_LITERAL_NULL_CONVERSION = YES;
				CLANG_WARN_OBJC_IMPLICIT_RETAIN_SELF = YES;
				CLANG_WARN_OBJC_LITERAL_CONVERSION = YES;
				CLANG_WARN_OBJC_ROOT_CLASS = YES_ERROR;
				CLANG_WARN_QUOTED_INCLUDE_IN_FRAMEWORK_HEADER = YES;
				CLANG_WARN_RANGE_LOOP_ANALYSIS = YES;
				CLANG_WARN_STRICT_PROTOTYPES = YES;
				CLANG_WARN_SUSPICIOUS_MOVE = YES;
				CLANG_WARN_UNGUARDED_AVAILABILITY = YES_AGGRESSIVE;
				CLANG_WARN_UNREACHABLE_CODE = YES;
				CLANG_WARN__DUPLICATE_METHOD_MATCH = YES;
				COPY_PHASE_STRIP = NO;
				DEBUG_INFORMATION_FORMAT = "dwarf-with-dsym";
				ENABLE_NS_ASSERTIONS = NO;
				ENABLE_STRICT_OBJC_MSGSEND = YES;
				GCC_C_LANGUAGE_STANDARD = gnu11;
				GCC_NO_COMMON_BLOCKS = YES;
				GCC_WARN_64_TO_32_BIT_CONVERSION = YES;
				GCC_WARN_ABOUT_RETURN_TYPE = YES_ERROR;
				GCC_WARN_UNDECLARED_SELECTOR = YES;
				GCC_WARN_UNINITIALIZED_AUTOS = YES_AGGRESSIVE;
				GCC_WARN_UNUSED_FUNCTION = YES;
				GCC_WARN_UNUSED_VARIABLE = YES;
				IPHONEOS_DEPLOYMENT_TARGET = 15.0;
				MTL_ENABLE_DEBUG_INFO = NO;
				MTL_FAST_MATH = YES;
				SDKROOT = iphoneos;
				SWIFT_COMPILATION_MODE = wholemodule;
				SWIFT_OPTIMIZATION_LEVEL = "-O";
				VALIDATE_PRODUCT = YES;
			};
			name = Release;
		};
		B358C2B9274C421600D8146C /* Debug */ = {
			isa = XCBuildConfiguration;
			buildSettings = {
				ASSETCATALOG_COMPILER_APPICON_NAME = AppIcon;
				ASSETCATALOG_COMPILER_GLOBAL_ACCENT_COLOR_NAME = AccentColor;
				CODE_SIGN_STYLE = Automatic;
				CURRENT_PROJECT_VERSION = 1;
				GENERATE_INFOPLIST_FILE = YES;
				INFOPLIST_FILE = "iOS-MVC-Architecture/Info.plist";
				INFOPLIST_KEY_UIApplicationSupportsIndirectInputEvents = YES;
				INFOPLIST_KEY_UILaunchStoryboardName = LaunchScreen;
				INFOPLIST_KEY_UISupportedInterfaceOrientations_iPad = "UIInterfaceOrientationPortrait UIInterfaceOrientationPortraitUpsideDown UIInterfaceOrientationLandscapeLeft UIInterfaceOrientationLandscapeRight";
				INFOPLIST_KEY_UISupportedInterfaceOrientations_iPhone = "UIInterfaceOrientationPortrait UIInterfaceOrientationLandscapeLeft UIInterfaceOrientationLandscapeRight";
				LD_RUNPATH_SEARCH_PATHS = (
					"$(inherited)",
					"@executable_path/Frameworks",
				);
				MARKETING_VERSION = 1.0;
				PRODUCT_BUNDLE_IDENTIFIER = "com.idevtv.iOS-MVC-Architecture";
				PRODUCT_NAME = "$(TARGET_NAME)";
				SWIFT_EMIT_LOC_STRINGS = YES;
				SWIFT_VERSION = 5.0;
				TARGETED_DEVICE_FAMILY = "1,2";
			};
			name = Debug;
		};
		B358C2BA274C421600D8146C /* Release */ = {
			isa = XCBuildConfiguration;
			buildSettings = {
				ASSETCATALOG_COMPILER_APPICON_NAME = AppIcon;
				ASSETCATALOG_COMPILER_GLOBAL_ACCENT_COLOR_NAME = AccentColor;
				CODE_SIGN_STYLE = Automatic;
				CURRENT_PROJECT_VERSION = 1;
				GENERATE_INFOPLIST_FILE = YES;
				INFOPLIST_FILE = "iOS-MVC-Architecture/Info.plist";
				INFOPLIST_KEY_UIApplicationSupportsIndirectInputEvents = YES;
				INFOPLIST_KEY_UILaunchStoryboardName = LaunchScreen;
				INFOPLIST_KEY_UISupportedInterfaceOrientations_iPad = "UIInterfaceOrientationPortrait UIInterfaceOrientationPortraitUpsideDown UIInterfaceOrientationLandscapeLeft UIInterfaceOrientationLandscapeRight";
				INFOPLIST_KEY_UISupportedInterfaceOrientations_iPhone = "UIInterfaceOrientationPortrait UIInterfaceOrientationLandscapeLeft UIInterfaceOrientationLandscapeRight";
				LD_RUNPATH_SEARCH_PATHS = (
					"$(inherited)",
					"@executable_path/Frameworks",
				);
				MARKETING_VERSION = 1.0;
				PRODUCT_BUNDLE_IDENTIFIER = "com.idevtv.iOS-MVC-Architecture";
				PRODUCT_NAME = "$(TARGET_NAME)";
				SWIFT_EMIT_LOC_STRINGS = YES;
				SWIFT_VERSION = 5.0;
				TARGETED_DEVICE_FAMILY = "1,2";
			};
			name = Release;
		};
/* End XCBuildConfiguration section */

/* Begin XCConfigurationList section */
		B358C29F274C421200D8146C /* Build configuration list for PBXProject "iOS-MVC-Architecture" */ = {
			isa = XCConfigurationList;
			buildConfigurations = (
				B358C2B6274C421600D8146C /* Debug */,
				B358C2B7274C421600D8146C /* Release */,
			);
			defaultConfigurationIsVisible = 0;
			defaultConfigurationName = Release;
		};
		B358C2B8274C421600D8146C /* Build configuration list for PBXNativeTarget "iOS-MVC-Architecture" */ = {
			isa = XCConfigurationList;
			buildConfigurations = (
				B358C2B9274C421600D8146C /* Debug */,
				B358C2BA274C421600D8146C /* Release */,
			);
			defaultConfigurationIsVisible = 0;
			defaultConfigurationName = Release;
		};
/* End XCConfigurationList section */
	};
	rootObject = B358C29C274C421200D8146C /* Project object */;
}
